// !$*UTF8*$!
{
	archiveVersion = 1;
	classes = {
	};
	objectVersion = 48;
	objects = {

/* Begin PBXBuildFile section */
		2440D86B202433AD00BB3643 /* HomePopViewController.swift in Sources */ = {isa = PBXBuildFile; fileRef = 2440D869202433AD00BB3643 /* HomePopViewController.swift */; };
		2440D8702024356A00BB3643 /* HomePopup.storyboard in Resources */ = {isa = PBXBuildFile; fileRef = 2440D86F2024356A00BB3643 /* HomePopup.storyboard */; };
		2440D872202438CC00BB3643 /* UIView.swift in Sources */ = {isa = PBXBuildFile; fileRef = 2440D871202438CC00BB3643 /* UIView.swift */; };
		2480F81F2028526E009800A3 /* HomePopCollectionViewController.swift in Sources */ = {isa = PBXBuildFile; fileRef = 2480F81E2028526E009800A3 /* HomePopCollectionViewController.swift */; };
		2480F82220285533009800A3 /* CardPopCollectionViewCell.swift in Sources */ = {isa = PBXBuildFile; fileRef = 2480F82020285533009800A3 /* CardPopCollectionViewCell.swift */; };
		2480F82320285533009800A3 /* CardPopCollectionViewCell.xib in Resources */ = {isa = PBXBuildFile; fileRef = 2480F82120285533009800A3 /* CardPopCollectionViewCell.xib */; };
		2496CD5B20230445003D36DC /* AppDelegate.swift in Sources */ = {isa = PBXBuildFile; fileRef = 2496CD5A20230445003D36DC /* AppDelegate.swift */; };
		2496CD6220230445003D36DC /* Assets.xcassets in Resources */ = {isa = PBXBuildFile; fileRef = 2496CD6120230445003D36DC /* Assets.xcassets */; };
		24A52DAB20285C330027BF67 /* UIDevice.swift in Sources */ = {isa = PBXBuildFile; fileRef = 24A52DAA20285C330027BF67 /* UIDevice.swift */; };
		24B1009E202320EA00366947 /* ViewController.swift in Sources */ = {isa = PBXBuildFile; fileRef = 24B1009C202320EA00366947 /* ViewController.swift */; };
		24B100A12023222300366947 /* HomePopUp.xib in Resources */ = {isa = PBXBuildFile; fileRef = 24B100A02023222300366947 /* HomePopUp.xib */; };
		24B100A520232C8600366947 /* HomePopUp.swift in Sources */ = {isa = PBXBuildFile; fileRef = 24B100A420232C8600366947 /* HomePopUp.swift */; };
/* End PBXBuildFile section */

/* Begin PBXFileReference section */
		2440D869202433AD00BB3643 /* HomePopViewController.swift */ = {isa = PBXFileReference; lastKnownFileType = sourcecode.swift; path = HomePopViewController.swift; sourceTree = "<group>"; };
		2440D86F2024356A00BB3643 /* HomePopup.storyboard */ = {isa = PBXFileReference; lastKnownFileType = file.storyboard; path = HomePopup.storyboard; sourceTree = "<group>"; };
		2440D871202438CC00BB3643 /* UIView.swift */ = {isa = PBXFileReference; lastKnownFileType = sourcecode.swift; path = UIView.swift; sourceTree = "<group>"; };
		2480F81E2028526E009800A3 /* HomePopCollectionViewController.swift */ = {isa = PBXFileReference; lastKnownFileType = sourcecode.swift; path = HomePopCollectionViewController.swift; sourceTree = "<group>"; };
		2480F82020285533009800A3 /* CardPopCollectionViewCell.swift */ = {isa = PBXFileReference; lastKnownFileType = sourcecode.swift; path = CardPopCollectionViewCell.swift; sourceTree = "<group>"; };
		2480F82120285533009800A3 /* CardPopCollectionViewCell.xib */ = {isa = PBXFileReference; lastKnownFileType = file.xib; path = CardPopCollectionViewCell.xib; sourceTree = "<group>"; };
		2496CD5720230445003D36DC /* CustomView.app */ = {isa = PBXFileReference; explicitFileType = wrapper.application; includeInIndex = 0; path = CustomView.app; sourceTree = BUILT_PRODUCTS_DIR; };
		2496CD5A20230445003D36DC /* AppDelegate.swift */ = {isa = PBXFileReference; lastKnownFileType = sourcecode.swift; path = AppDelegate.swift; sourceTree = "<group>"; };
		2496CD6120230445003D36DC /* Assets.xcassets */ = {isa = PBXFileReference; lastKnownFileType = folder.assetcatalog; path = Assets.xcassets; sourceTree = "<group>"; };
		2496CD6620230445003D36DC /* Info.plist */ = {isa = PBXFileReference; lastKnownFileType = text.plist.xml; path = Info.plist; sourceTree = "<group>"; };
		24A52DAA20285C330027BF67 /* UIDevice.swift */ = {isa = PBXFileReference; lastKnownFileType = sourcecode.swift; path = UIDevice.swift; sourceTree = "<group>"; };
		24B1009C202320EA00366947 /* ViewController.swift */ = {isa = PBXFileReference; lastKnownFileType = sourcecode.swift; path = ViewController.swift; sourceTree = "<group>"; };
		24B100A02023222300366947 /* HomePopUp.xib */ = {isa = PBXFileReference; lastKnownFileType = file.xib; path = HomePopUp.xib; sourceTree = "<group>"; };
		24B100A420232C8600366947 /* HomePopUp.swift */ = {isa = PBXFileReference; lastKnownFileType = sourcecode.swift; path = HomePopUp.swift; sourceTree = "<group>"; };
/* End PBXFileReference section */

/* Begin PBXFrameworksBuildPhase section */
		2496CD5420230445003D36DC /* Frameworks */ = {
			isa = PBXFrameworksBuildPhase;
			buildActionMask = 2147483647;
			files = (
			);
			runOnlyForDeploymentPostprocessing = 0;
		};
/* End PBXFrameworksBuildPhase section */

/* Begin PBXGroup section */
		2496CD4E20230445003D36DC = {
			isa = PBXGroup;
			children = (
				2496CD5920230445003D36DC /* CustomView */,
				2496CD5820230445003D36DC /* Products */,
			);
			sourceTree = "<group>";
		};
		2496CD5820230445003D36DC /* Products */ = {
			isa = PBXGroup;
			children = (
				2496CD5720230445003D36DC /* CustomView.app */,
			);
			name = Products;
			sourceTree = "<group>";
		};
		2496CD5920230445003D36DC /* CustomView */ = {
			isa = PBXGroup;
			children = (
				24A52DA920285C210027BF67 /* Extensions */,
				2496CD5A20230445003D36DC /* AppDelegate.swift */,
				24B1009C202320EA00366947 /* ViewController.swift */,
				2496CD6120230445003D36DC /* Assets.xcassets */,
				2496CD6620230445003D36DC /* Info.plist */,
				24B100A420232C8600366947 /* HomePopUp.swift */,
				24B100A02023222300366947 /* HomePopUp.xib */,
				2440D869202433AD00BB3643 /* HomePopViewController.swift */,
				2440D86F2024356A00BB3643 /* HomePopup.storyboard */,
				2480F81E2028526E009800A3 /* HomePopCollectionViewController.swift */,
				2480F82020285533009800A3 /* CardPopCollectionViewCell.swift */,
				2480F82120285533009800A3 /* CardPopCollectionViewCell.xib */,
			);
			path = CustomView;
			sourceTree = "<group>";
		};
		24A52DA920285C210027BF67 /* Extensions */ = {
			isa = PBXGroup;
			children = (
				2440D871202438CC00BB3643 /* UIView.swift */,
				24A52DAA20285C330027BF67 /* UIDevice.swift */,
			);
			path = Extensions;
			sourceTree = "<group>";
		};
/* End PBXGroup section */

/* Begin PBXNativeTarget section */
		2496CD5620230445003D36DC /* CustomView */ = {
			isa = PBXNativeTarget;
			buildConfigurationList = 2496CD6920230445003D36DC /* Build configuration list for PBXNativeTarget "CustomView" */;
			buildPhases = (
				2496CD5320230445003D36DC /* Sources */,
				2496CD5420230445003D36DC /* Frameworks */,
				2496CD5520230445003D36DC /* Resources */,
			);
			buildRules = (
			);
			dependencies = (
			);
			name = CustomView;
			productName = CustomView;
			productReference = 2496CD5720230445003D36DC /* CustomView.app */;
			productType = "com.apple.product-type.application";
		};
/* End PBXNativeTarget section */

/* Begin PBXProject section */
		2496CD4F20230445003D36DC /* Project object */ = {
			isa = PBXProject;
			attributes = {
				LastSwiftUpdateCheck = 0920;
				LastUpgradeCheck = 0920;
				ORGANIZATIONNAME = Lullaby;
				TargetAttributes = {
					2496CD5620230445003D36DC = {
						CreatedOnToolsVersion = 9.2;
						ProvisioningStyle = Automatic;
					};
				};
			};
			buildConfigurationList = 2496CD5220230445003D36DC /* Build configuration list for PBXProject "CustomView" */;
			compatibilityVersion = "Xcode 8.0";
			developmentRegion = en;
			hasScannedForEncodings = 0;
			knownRegions = (
				en,
				Base,
			);
			mainGroup = 2496CD4E20230445003D36DC;
			productRefGroup = 2496CD5820230445003D36DC /* Products */;
			projectDirPath = "";
			projectRoot = "";
			targets = (
				2496CD5620230445003D36DC /* CustomView */,
			);
		};
/* End PBXProject section */

/* Begin PBXResourcesBuildPhase section */
		2496CD5520230445003D36DC /* Resources */ = {
			isa = PBXResourcesBuildPhase;
			buildActionMask = 2147483647;
			files = (
				2440D8702024356A00BB3643 /* HomePopup.storyboard in Resources */,
				24B100A12023222300366947 /* HomePopUp.xib in Resources */,
				2480F82320285533009800A3 /* CardPopCollectionViewCell.xib in Resources */,
				2496CD6220230445003D36DC /* Assets.xcassets in Resources */,
			);
			runOnlyForDeploymentPostprocessing = 0;
		};
/* End PBXResourcesBuildPhase section */

/* Begin PBXSourcesBuildPhase section */
		2496CD5320230445003D36DC /* Sources */ = {
			isa = PBXSourcesBuildPhase;
			buildActionMask = 2147483647;
			files = (
				2480F82220285533009800A3 /* CardPopCollectionViewCell.swift in Sources */,
				2440D872202438CC00BB3643 /* UIView.swift in Sources */,
				24B1009E202320EA00366947 /* ViewController.swift in Sources */,
				2440D86B202433AD00BB3643 /* HomePopViewController.swift in Sources */,
				24B100A520232C8600366947 /* HomePopUp.swift in Sources */,
				2480F81F2028526E009800A3 /* HomePopCollectionViewController.swift in Sources */,
				2496CD5B20230445003D36DC /* AppDelegate.swift in Sources */,
				24A52DAB20285C330027BF67 /* UIDevice.swift in Sources */,
			);
			runOnlyForDeploymentPostprocessing = 0;
		};
/* End PBXSourcesBuildPhase section */

/* Begin XCBuildConfiguration section */
		2496CD6720230445003D36DC /* Debug */ = {
			isa = XCBuildConfiguration;
			buildSettings = {
				ALWAYS_SEARCH_USER_PATHS = NO;
				CLANG_ANALYZER_NONNULL = YES;
				CLANG_ANALYZER_NUMBER_OBJECT_CONVERSION = YES_AGGRESSIVE;
				CLANG_CXX_LANGUAGE_STANDARD = "gnu++14";
				CLANG_CXX_LIBRARY = "libc++";
				CLANG_ENABLE_MODULES = YES;
				CLANG_ENABLE_OBJC_ARC = YES;
				CLANG_WARN_BLOCK_CAPTURE_AUTORELEASING = YES;
				CLANG_WARN_BOOL_CONVERSION = YES;
				CLANG_WARN_COMMA = YES;
				CLANG_WARN_CONSTANT_CONVERSION = YES;
				CLANG_WARN_DIRECT_OBJC_ISA_USAGE = YES_ERROR;
				CLANG_WARN_DOCUMENTATION_COMMENTS = YES;
				CLANG_WARN_EMPTY_BODY = YES;
				CLANG_WARN_ENUM_CONVERSION = YES;
				CLANG_WARN_INFINITE_RECURSION = YES;
				CLANG_WARN_INT_CONVERSION = YES;
				CLANG_WARN_NON_LITERAL_NULL_CONVERSION = YES;
				CLANG_WARN_OBJC_LITERAL_CONVERSION = YES;
				CLANG_WARN_OBJC_ROOT_CLASS = YES_ERROR;
				CLANG_WARN_RANGE_LOOP_ANALYSIS = YES;
				CLANG_WARN_STRICT_PROTOTYPES = YES;
				CLANG_WARN_SUSPICIOUS_MOVE = YES;
				CLANG_WARN_UNGUARDED_AVAILABILITY = YES_AGGRESSIVE;
				CLANG_WARN_UNREACHABLE_CODE = YES;
				CLANG_WARN__DUPLICATE_METHOD_MATCH = YES;
				CODE_SIGN_IDENTITY = "iPhone Developer";
				COPY_PHASE_STRIP = NO;
				DEBUG_INFORMATION_FORMAT = dwarf;
				ENABLE_STRICT_OBJC_MSGSEND = YES;
				ENABLE_TESTABILITY = YES;
				GCC_C_LANGUAGE_STANDARD = gnu11;
				GCC_DYNAMIC_NO_PIC = NO;
				GCC_NO_COMMON_BLOCKS = YES;
				GCC_OPTIMIZATION_LEVEL = 0;
				GCC_PREPROCESSOR_DEFINITIONS = (
					"DEBUG=1",
					"$(inherited)",
				);
				GCC_WARN_64_TO_32_BIT_CONVERSION = YES;
				GCC_WARN_ABOUT_RETURN_TYPE = YES_ERROR;
				GCC_WARN_UNDECLARED_SELECTOR = YES;
				GCC_WARN_UNINITIALIZED_AUTOS = YES_AGGRESSIVE;
				GCC_WARN_UNUSED_FUNCTION = YES;
				GCC_WARN_UNUSED_VARIABLE = YES;
				IPHONEOS_DEPLOYMENT_TARGET = 11.2;
				MTL_ENABLE_DEBUG_INFO = YES;
				ONLY_ACTIVE_ARCH = YES;
				SDKROOT = iphoneos;
				SWIFT_ACTIVE_COMPILATION_CONDITIONS = DEBUG;
				SWIFT_OPTIMIZATION_LEVEL = "-Onone";
			};
			name = Debug;
		};
		2496CD6820230445003D36DC /* Release */ = {
			isa = XCBuildConfiguration;
			buildSettings = {
				ALWAYS_SEARCH_USER_PATHS = NO;
				CLANG_ANALYZER_NONNULL = YES;
				CLANG_ANALYZER_NUMBER_OBJECT_CONVERSION = YES_AGGRESSIVE;
				CLANG_CXX_LANGUAGE_STANDARD = "gnu++14";
				CLANG_CXX_LIBRARY = "libc++";
				CLANG_ENABLE_MODULES = YES;
				CLANG_ENABLE_OBJC_ARC = YES;
				CLANG_WARN_BLOCK_CAPTURE_AUTORELEASING = YES;
				CLANG_WARN_BOOL_CONVERSION = YES;
				CLANG_WARN_COMMA = YES;
				CLANG_WARN_CONSTANT_CONVERSION = YES;
				CLANG_WARN_DIRECT_OBJC_ISA_USAGE = YES_ERROR;
				CLANG_WARN_DOCUMENTATION_COMMENTS = YES;
				CLANG_WARN_EMPTY_BODY = YES;
				CLANG_WARN_ENUM_CONVERSION = YES;
				CLANG_WARN_INFINITE_RECURSION = YES;
				CLANG_WARN_INT_CONVERSION = YES;
				CLANG_WARN_NON_LITERAL_NULL_CONVERSION = YES;
				CLANG_WARN_OBJC_LITERAL_CONVERSION = YES;
				CLANG_WARN_OBJC_ROOT_CLASS = YES_ERROR;
				CLANG_WARN_RANGE_LOOP_ANALYSIS = YES;
				CLANG_WARN_STRICT_PROTOTYPES = YES;
				CLANG_WARN_SUSPICIOUS_MOVE = YES;
				CLANG_WARN_UNGUARDED_AVAILABILITY = YES_AGGRESSIVE;
				CLANG_WARN_UNREACHABLE_CODE = YES;
				CLANG_WARN__DUPLICATE_METHOD_MATCH = YES;
				CODE_SIGN_IDENTITY = "iPhone Developer";
				COPY_PHASE_STRIP = NO;
				DEBUG_INFORMATION_FORMAT = "dwarf-with-dsym";
				ENABLE_NS_ASSERTIONS = NO;
				ENABLE_STRICT_OBJC_MSGSEND = YES;
				GCC_C_LANGUAGE_STANDARD = gnu11;
				GCC_NO_COMMON_BLOCKS = YES;
				GCC_WARN_64_TO_32_BIT_CONVERSION = YES;
				GCC_WARN_ABOUT_RETURN_TYPE = YES_ERROR;
				GCC_WARN_UNDECLARED_SELECTOR = YES;
				GCC_WARN_UNINITIALIZED_AUTOS = YES_AGGRESSIVE;
				GCC_WARN_UNUSED_FUNCTION = YES;
				GCC_WARN_UNUSED_VARIABLE = YES;
				IPHONEOS_DEPLOYMENT_TARGET = 11.2;
				MTL_ENABLE_DEBUG_INFO = NO;
				SDKROOT = iphoneos;
				SWIFT_OPTIMIZATION_LEVEL = "-Owholemodule";
				VALIDATE_PRODUCT = YES;
			};
			name = Release;
		};
		2496CD6A20230445003D36DC /* Debug */ = {
			isa = XCBuildConfiguration;
			buildSettings = {
				ASSETCATALOG_COMPILER_APPICON_NAME = AppIcon;
				CODE_SIGN_STYLE = Automatic;
				INFOPLIST_FILE = CustomView/Info.plist;
				LD_RUNPATH_SEARCH_PATHS = "$(inherited) @executable_path/Frameworks";
				PRODUCT_BUNDLE_IDENTIFIER = com.example.CustomView;
				PRODUCT_NAME = "$(TARGET_NAME)";
				SWIFT_VERSION = 3.0;
				TARGETED_DEVICE_FAMILY = "1,2";
			};
			name = Debug;
		};
		2496CD6B20230445003D36DC /* Release */ = {
			isa = XCBuildConfiguration;
			buildSettings = {
				ASSETCATALOG_COMPILER_APPICON_NAME = AppIcon;
				CODE_SIGN_STYLE = Automatic;
				INFOPLIST_FILE = CustomView/Info.plist;
				LD_RUNPATH_SEARCH_PATHS = "$(inherited) @executable_path/Frameworks";
				PRODUCT_BUNDLE_IDENTIFIER = com.example.CustomView;
				PRODUCT_NAME = "$(TARGET_NAME)";
				SWIFT_VERSION = 3.0;
				TARGETED_DEVICE_FAMILY = "1,2";
			};
			name = Release;
		};
/* End XCBuildConfiguration section */

/* Begin XCConfigurationList section */
		2496CD5220230445003D36DC /* Build configuration list for PBXProject "CustomView" */ = {
			isa = XCConfigurationList;
			buildConfigurations = (
				2496CD6720230445003D36DC /* Debug */,
				2496CD6820230445003D36DC /* Release */,
			);
			defaultConfigurationIsVisible = 0;
			defaultConfigurationName = Release;
		};
		2496CD6920230445003D36DC /* Build configuration list for PBXNativeTarget "CustomView" */ = {
			isa = XCConfigurationList;
			buildConfigurations = (
				2496CD6A20230445003D36DC /* Debug */,
				2496CD6B20230445003D36DC /* Release */,
			);
			defaultConfigurationIsVisible = 0;
			defaultConfigurationName = Release;
		};
/* End XCConfigurationList section */
	};
	rootObject = 2496CD4F20230445003D36DC /* Project object */;
}
